
Microsoft Visual Studio Solution File, Format Version 12.00
# Visual Studio Version 16
VisualStudioVersion = 16.0.29123.88
MinimumVisualStudioVersion = 10.0.40219.1
Project("{9A19103F-16F7-4668-BE54-9A1E7A4F7556}") = "Sistema.Entidades", "Sistema.Entidades\Sistema.Entidades.csproj", "{3E15B645-CAAD-4F36-A6FC-48EF5CE06350}"
EndProject
Project("{9A19103F-16F7-4668-BE54-9A1E7A4F7556}") = "Sistema.Model", "Sistema.Datos\Sistema.Model.csproj", "{BBB5EFAE-D327-4972-95BB-65CA89B8E9CC}"
EndProject
Project("{9A19103F-16F7-4668-BE54-9A1E7A4F7556}") = "Sistema.Web", "Sistema.Web\Sistema.Web.csproj", "{BFA73C60-4F67-4304-8E7D-71CE3839BAB1}"
EndProject
Project("{FAE04EC0-301F-11D3-BF4B-00C04F79EFBC}") = "Sistema.Contrato", "Sistema.Contrato\Sistema.Contrato.csproj", "{FFE3E9A8-A9B0-4450-A98A-84AB912AAD95}"
EndProject
Project("{FAE04EC0-301F-11D3-BF4B-00C04F79EFBC}") = "Sistema.Control", "Sistema.Control\Sistema.Control.csproj", "{7919E12B-E953-49B5-9FCF-A70CC08C5134}"
EndProject
Project("{FAE04EC0-301F-11D3-BF4B-00C04F79EFBC}") = "Sistema.Dato", "Sistema.Dato\Sistema.Dato.csproj", "{21B33BE0-013F-4AEC-9A58-D6843F73C402}"
EndProject
Global
	GlobalSection(SolutionConfigurationPlatforms) = preSolution
		Debug|Any CPU = Debug|Any CPU
		Release|Any CPU = Release|Any CPU
	EndGlobalSection
	GlobalSection(ProjectConfigurationPlatforms) = postSolution
		{3E15B645-CAAD-4F36-A6FC-48EF5CE06350}.Debug|Any CPU.ActiveCfg = Debug|Any CPU
		{3E15B645-CAAD-4F36-A6FC-48EF5CE06350}.Debug|Any CPU.Build.0 = Debug|Any CPU
		{3E15B645-CAAD-4F36-A6FC-48EF5CE06350}.Release|Any CPU.ActiveCfg = Release|Any CPU
		{3E15B645-CAAD-4F36-A6FC-48EF5CE06350}.Release|Any CPU.Build.0 = Release|Any CPU
		{BBB5EFAE-D327-4972-95BB-65CA89B8E9CC}.Debug|Any CPU.ActiveCfg = Debug|Any CPU
		{BBB5EFAE-D327-4972-95BB-65CA89B8E9CC}.Debug|Any CPU.Build.0 = Debug|Any CPU
		{BBB5EFAE-D327-4972-95BB-65CA89B8E9CC}.Release|Any CPU.ActiveCfg = Release|Any CPU
		{BBB5EFAE-D327-4972-95BB-65CA89B8E9CC}.Release|Any CPU.Build.0 = Release|Any CPU
		{BFA73C60-4F67-4304-8E7D-71CE3839BAB1}.Debug|Any CPU.ActiveCfg = Debug|Any CPU
		{BFA73C60-4F67-4304-8E7D-71CE3839BAB1}.Debug|Any CPU.Build.0 = Debug|Any CPU
		{BFA73C60-4F67-4304-8E7D-71CE3839BAB1}.Release|Any CPU.ActiveCfg = Release|Any CPU
		{BFA73C60-4F67-4304-8E7D-71CE3839BAB1}.Release|Any CPU.Build.0 = Release|Any CPU
		{FFE3E9A8-A9B0-4450-A98A-84AB912AAD95}.Debug|Any CPU.ActiveCfg = Debug|Any CPU
		{FFE3E9A8-A9B0-4450-A98A-84AB912AAD95}.Debug|Any CPU.Build.0 = Debug|Any CPU
		{FFE3E9A8-A9B0-4450-A98A-84AB912AAD95}.Release|Any CPU.ActiveCfg = Release|Any CPU
		{FFE3E9A8-A9B0-4450-A98A-84AB912AAD95}.Release|Any CPU.Build.0 = Release|Any CPU
		{7919E12B-E953-49B5-9FCF-A70CC08C5134}.Debug|Any CPU.ActiveCfg = Debug|Any CPU
		{7919E12B-E953-49B5-9FCF-A70CC08C5134}.Debug|Any CPU.Build.0 = Debug|Any CPU
		{7919E12B-E953-49B5-9FCF-A70CC08C5134}.Release|Any CPU.ActiveCfg = Release|Any CPU
		{7919E12B-E953-49B5-9FCF-A70CC08C5134}.Release|Any CPU.Build.0 = Release|Any CPU
		{21B33BE0-013F-4AEC-9A58-D6843F73C402}.Debug|Any CPU.ActiveCfg = Debug|Any CPU
		{21B33BE0-013F-4AEC-9A58-D6843F73C402}.Debug|Any CPU.Build.0 = Debug|Any CPU
		{21B33BE0-013F-4AEC-9A58-D6843F73C402}.Release|Any CPU.ActiveCfg = Release|Any CPU
		{21B33BE0-013F-4AEC-9A58-D6843F73C402}.Release|Any CPU.Build.0 = Release|Any CPU
	EndGlobalSection
	GlobalSection(SolutionProperties) = preSolution
		HideSolutionNode = FALSE
	EndGlobalSection
	GlobalSection(ExtensibilityGlobals) = postSolution
		SolutionGuid = {1D0EFBF6-97EF-4FA4-91EF-11BD4A10BE84}
	EndGlobalSection
EndGlobal
